{
    "_meta": {
        "hash": {
            "sha256": "7ae929fe7207426df3f4fde072f18c74197fdcfdae22a5983c92e6a9b4375dbf"
        },
        "pipfile-spec": 6,
        "requires": {
            "python_version": "3.7"
        },
        "sources": [
            {
                "name": "pypi",
                "url": "https://pypi.org/simple",
                "verify_ssl": true
            }
        ]
    },
    "default": {
        "python-json-logger": {
            "hashes": [
                "sha256:3e000053837500f9eb28d6228d7cb99fabfc1874d34b40c08289207292abaf2e",
                "sha256:cf2caaf34bd2eff394915b6242de4d0245de79971712439380ece6f149748cde"
            ],
            "index": "pypi",
            "version": "==0.1.10"
        },
        "pyyaml": {
            "hashes": [
                "sha256:02c78d77281d8f8d07a255e57abdbf43b02257f59f50cc6b636937d68efa5dd0",
                "sha256:0dc9f2eb2e3c97640928dec63fd8dc1dd91e6b6ed236bd5ac00332b99b5c2ff9",
                "sha256:124fd7c7bc1e95b1eafc60825f2daf67c73ce7b33f1194731240d24b0d1bf628",
                "sha256:26fcb33776857f4072601502d93e1a619f166c9c00befb52826e7b774efaa9db",
                "sha256:31ba07c54ef4a897758563e3a0fcc60077698df10180abe4b8165d9895c00ebf",
                "sha256:3c49e39ac034fd64fd576d63bb4db53cda89b362768a67f07749d55f128ac18a",
                "sha256:52bf0930903818e600ae6c2901f748bc4869c0c406056f679ab9614e5d21a166",
                "sha256:5a3f345acff76cad4aa9cb171ee76c590f37394186325d53d1aa25318b0d4a09",
                "sha256:5e7ac4e0e79a53451dc2814f6876c2fa6f71452de1498bbe29c0b54b69a986f4",
                "sha256:7242790ab6c20316b8e7bb545be48d7ed36e26bbe279fd56f2c4a12510e60b4b",
                "sha256:737bd70e454a284d456aa1fa71a0b429dd527bcbf52c5c33f7c8eee81ac16b89",
                "sha256:8635d53223b1f561b081ff4adecb828fd484b8efffe542edcfdff471997f7c39",
                "sha256:8b818b6c5a920cbe4203b5a6b14256f0e5244338244560da89b7b0f1313ea4b6",
                "sha256:8bf38641b4713d77da19e91f8b5296b832e4db87338d6aeffe422d42f1ca896d",
                "sha256:a36a48a51e5471513a5aea920cdad84cbd56d70a5057cca3499a637496ea379c",
                "sha256:b2243dd033fd02c01212ad5c601dafb44fbb293065f430b0d3dbf03f3254d615",
                "sha256:cc547d3ead3754712223abb7b403f0a184e4c3eae18c9bb7fd15adef1597cc4b",
                "sha256:cc552b6434b90d9dbed6a4f13339625dc466fd82597119897e9489c953acbc22",
                "sha256:f3790156c606299ff499ec44db422f66f05a7363b39eb9d5b064f17bd7d7c47b",
                "sha256:f7a21e3d99aa3095ef0553e7ceba36fb693998fbb1226f1392ce33681047465f",
                "sha256:fdc6b2cb4b19e431994f25a9160695cc59a4e861710cc6fc97161c5e845fc579"
            ],
            "index": "pypi",
            "version": "==5.4"
        }
    },
    "develop": {
        "entrypoints": {
            "hashes": [
                "sha256:589f874b313739ad35be6e0cd7efde2a4e9b6fea91edcc34e58ecbb8dbe56d19",
                "sha256:c70dd71abe5a8c85e55e12c19bd91ccfeec11a6e99044204511f9ed547d48451"
            ],
            "version": "==0.3"
        },
        "flake8": {
            "hashes": [
                "sha256:859996073f341f2670741b51ec1e67a01da142831aa1fdc6242dbf88dffbe661",
                "sha256:a796a115208f5c03b18f332f7c11729812c8c3ded6c46319c59b53efd3819da8"
            ],
            "index": "pypi",
            "version": "==3.7.7"
        },
        "mccabe": {
            "hashes": [
                "sha256:ab8a6258860da4b6677da4bd2fe5dc2c659cff31b3ee4f7f5d64e79735b80d42",
                "sha256:dd8d182285a0fe56bace7f45b5e7d1a6ebcbf524e8f3bd87eb0f125271b8831f"
            ],
            "version": "==0.6.1"
        },
        "ptvsd": {
            "hashes": [
                "sha256:0805327496efe614774753f82a98301432b70232690a229a05cf0d7fe46eae7a",
                "sha256:28c78560cec17fa8291a6c3ad618be4678c363aff7483f19fdf10215aaa6e0cc",
                "sha256:2b1acbe7b57a6b4b06864a4719c3b69954609c33cb259c0c44b818aeab340f6a",
                "sha256:2f4b4e2290b70b1cfb3a4cc46eecfbe2b1421f6a50856c6f9e4528fe11b2ba8d",
                "sha256:3b88880cd76d86686e69fcdaa2da4293e4439b466a2600cd0772b7c5aed0add3",
                "sha256:423270e887fbc3962fa3b8ab45c88148590d010a694fce249e652ee4fe8f8e06",
                "sha256:44390dab8734a9fc2ae2425d6dba00f80a849bd0a66c1b09631fe603d4ccd9b9",
                "sha256:4909920b734b47a4427580c7984e3873ecc2f72fc71da078b1ce28a2e321495b",
                "sha256:4ccb23ce84601b6410e0c6b9219229fcf125b47ac55e0fce52ac3a24953e5c52",
                "sha256:63f6d907c2aaf35fe4f6dd2438fc4f6fe791eae418ed7d34e97c89a23bcd5d5f",
                "sha256:82ae1500df37fc655f9ee2191076aee4b2defb973d1ce8587a79032078fc1497",
                "sha256:84ed550b2383b7135b85d19bb2ebe3691bc0ae528779017ff45190ec4ad76ea9",
                "sha256:873a2fcc87f25cb0dca3ff0af627f06e4da4b96c3ca1cdb02282d95e2a564fd7",
                "sha256:8eec1bae5a32cb576cf6724ca8b8eeab37d82903657ff03cae7fb14670cf38ae",
                "sha256:94e982167eef63363b66b46343ece1389245cebdb26e474385bb8af3acac7d93",
                "sha256:9ca3a1fa29a9b6d34c9cbd79f7043dd0743166b940033ef6c1ad3bcf57b5ec02",
                "sha256:a689cd453dbda53f7c2698ff4ef6af567d74a2717dcec4063358bfc77bf46f21",
                "sha256:af272faef999edbd03d6d3a416262530de781bc6cace6d82f77f0e4047aec983",
                "sha256:b469d24e3005cf9b0c2867456de125ba870173d54769ccf5cce323510c55dfbc",
                "sha256:d2e268b34ecfe9b6c3f9f3290416e0fb37300e070fc8b4661ff9893d2e46e992",
                "sha256:e25bdaa05addd8edd4570efe6b98d5903cb4a0fcbf775624792bcf3a2536ae31",
                "sha256:e739916f802b5f10e89449cb710388dd4a07d16729c42ed012d7f6a21bf7d471",
                "sha256:f335d719ac5b964041c3fc2ca55b8846e618afab0cdeea41ca42bbde6e340f45",
                "sha256:f3b2701caf17fc74e6a473add3b749745a32377fb70937587c6cd61128a70139",
                "sha256:f982d938add132bd3468565e88cc2b01fc62bfb60eb83ed7b17ea1cc22cfc535"
            ],
            "index": "pypi",
            "version": "==4.2.4"
        },
        "pycodestyle": {
            "hashes": [
                "sha256:95a2219d12372f05704562a14ec30bc76b05a5b297b21a5dfe3f6fac3491ae56",
                "sha256:e40a936c9a450ad81df37f549d676d127b1b66000a6c500caa2b085bc0ca976c"
            ],
            "version": "==2.5.0"
        },
        "pyflakes": {
            "hashes": [
                "sha256:17dbeb2e3f4d772725c777fabc446d5634d1038f234e77343108ce445ea69ce0",
                "sha256:d976835886f8c5b31d47970ed689944a0262b5f3afa00a5a7b4dc81e5449f8a2"
            ],
            "version": "==2.1.1"
        }
    }
}
